// !$*UTF8*$!
{
	archiveVersion = 1;
	classes = {
	};
	objectVersion = 50;
	objects = {

/* Begin PBXBuildFile section */
		5E6465A72080D0830034CFEA /* GameViewController.swift in Sources */ = {isa = PBXBuildFile; fileRef = 5E6465A62080D0830034CFEA /* GameViewController.swift */; };
		5E6465A92080D0A80034CFEA /* TopListTableViewController.swift in Sources */ = {isa = PBXBuildFile; fileRef = 5E6465A82080D0A80034CFEA /* TopListTableViewController.swift */; };
		5E6465AB2080D4A40034CFEA /* StartViewController.swift in Sources */ = {isa = PBXBuildFile; fileRef = 5E6465AA2080D4A40034CFEA /* StartViewController.swift */; };
		5E6465AF2080F0BB0034CFEA /* Player.swift in Sources */ = {isa = PBXBuildFile; fileRef = 5E6465AE2080F0BB0034CFEA /* Player.swift */; };
		5E6465B32080F1FC0034CFEA /* Game.swift in Sources */ = {isa = PBXBuildFile; fileRef = 5E6465B22080F1FC0034CFEA /* Game.swift */; };
		5E84418520809C8500C018CA /* AppDelegate.swift in Sources */ = {isa = PBXBuildFile; fileRef = 5E84418420809C8500C018CA /* AppDelegate.swift */; };
		5E84418A20809C8500C018CA /* Main.storyboard in Resources */ = {isa = PBXBuildFile; fileRef = 5E84418820809C8500C018CA /* Main.storyboard */; };
		5E84418C20809C8A00C018CA /* Assets.xcassets in Resources */ = {isa = PBXBuildFile; fileRef = 5E84418B20809C8A00C018CA /* Assets.xcassets */; };
		5E84418F20809C8A00C018CA /* LaunchScreen.storyboard in Resources */ = {isa = PBXBuildFile; fileRef = 5E84418D20809C8A00C018CA /* LaunchScreen.storyboard */; };
/* End PBXBuildFile section */

/* Begin PBXFileReference section */
		5E6465A62080D0830034CFEA /* GameViewController.swift */ = {isa = PBXFileReference; lastKnownFileType = sourcecode.swift; path = GameViewController.swift; sourceTree = "<group>"; };
		5E6465A82080D0A80034CFEA /* TopListTableViewController.swift */ = {isa = PBXFileReference; lastKnownFileType = sourcecode.swift; path = TopListTableViewController.swift; sourceTree = "<group>"; };
		5E6465AA2080D4A40034CFEA /* StartViewController.swift */ = {isa = PBXFileReference; lastKnownFileType = sourcecode.swift; path = StartViewController.swift; sourceTree = "<group>"; };
		5E6465AE2080F0BB0034CFEA /* Player.swift */ = {isa = PBXFileReference; lastKnownFileType = sourcecode.swift; path = Player.swift; sourceTree = "<group>"; };
		5E6465B22080F1FC0034CFEA /* Game.swift */ = {isa = PBXFileReference; lastKnownFileType = sourcecode.swift; path = Game.swift; sourceTree = "<group>"; };
		5E84418120809C8500C018CA /* WingsStats.app */ = {isa = PBXFileReference; explicitFileType = wrapper.application; includeInIndex = 0; path = WingsStats.app; sourceTree = BUILT_PRODUCTS_DIR; };
		5E84418420809C8500C018CA /* AppDelegate.swift */ = {isa = PBXFileReference; lastKnownFileType = sourcecode.swift; path = AppDelegate.swift; sourceTree = "<group>"; };
		5E84418920809C8500C018CA /* Base */ = {isa = PBXFileReference; lastKnownFileType = file.storyboard; name = Base; path = Base.lproj/Main.storyboard; sourceTree = "<group>"; };
		5E84418B20809C8A00C018CA /* Assets.xcassets */ = {isa = PBXFileReference; lastKnownFileType = folder.assetcatalog; path = Assets.xcassets; sourceTree = "<group>"; };
		5E84418E20809C8A00C018CA /* Base */ = {isa = PBXFileReference; lastKnownFileType = file.storyboard; name = Base; path = Base.lproj/LaunchScreen.storyboard; sourceTree = "<group>"; };
		5E84419020809C8A00C018CA /* Info.plist */ = {isa = PBXFileReference; lastKnownFileType = text.plist.xml; path = Info.plist; sourceTree = "<group>"; };
/* End PBXFileReference section */

/* Begin PBXFrameworksBuildPhase section */
		5E84417E20809C8500C018CA /* Frameworks */ = {
			isa = PBXFrameworksBuildPhase;
			buildActionMask = 2147483647;
			files = (
			);
			runOnlyForDeploymentPostprocessing = 0;
		};
/* End PBXFrameworksBuildPhase section */

/* Begin PBXGroup section */
		5E84417820809C8500C018CA = {
			isa = PBXGroup;
			children = (
				5E84418320809C8500C018CA /* WingsStats */,
				5E84418220809C8500C018CA /* Products */,
			);
			sourceTree = "<group>";
		};
		5E84418220809C8500C018CA /* Products */ = {
			isa = PBXGroup;
			children = (
				5E84418120809C8500C018CA /* WingsStats.app */,
			);
			name = Products;
			sourceTree = "<group>";
		};
		5E84418320809C8500C018CA /* WingsStats */ = {
			isa = PBXGroup;
			children = (
				5E84418420809C8500C018CA /* AppDelegate.swift */,
				5E6465AA2080D4A40034CFEA /* StartViewController.swift */,
				5E6465A62080D0830034CFEA /* GameViewController.swift */,
				5E6465A82080D0A80034CFEA /* TopListTableViewController.swift */,
				5E84418820809C8500C018CA /* Main.storyboard */,
				5E84418B20809C8A00C018CA /* Assets.xcassets */,
				5E84418D20809C8A00C018CA /* LaunchScreen.storyboard */,
				5E84419020809C8A00C018CA /* Info.plist */,
				5E6465AE2080F0BB0034CFEA /* Player.swift */,
				5E6465B22080F1FC0034CFEA /* Game.swift */,
			);
			path = WingsStats;
			sourceTree = "<group>";
		};
/* End PBXGroup section */

/* Begin PBXNativeTarget section */
		5E84418020809C8500C018CA /* WingsStats */ = {
			isa = PBXNativeTarget;
			buildConfigurationList = 5E84419320809C8A00C018CA /* Build configuration list for PBXNativeTarget "WingsStats" */;
			buildPhases = (
				5E84417D20809C8500C018CA /* Sources */,
				5E84417E20809C8500C018CA /* Frameworks */,
				5E84417F20809C8500C018CA /* Resources */,
			);
			buildRules = (
			);
			dependencies = (
			);
			name = WingsStats;
			productName = WingsStats;
			productReference = 5E84418120809C8500C018CA /* WingsStats.app */;
			productType = "com.apple.product-type.application";
		};
/* End PBXNativeTarget section */

/* Begin PBXProject section */
		5E84417920809C8500C018CA /* Project object */ = {
			isa = PBXProject;
			attributes = {
				LastSwiftUpdateCheck = 0930;
				LastUpgradeCheck = 0930;
				ORGANIZATIONNAME = "Victor Fundberg";
				TargetAttributes = {
					5E84418020809C8500C018CA = {
						CreatedOnToolsVersion = 9.3;
					};
				};
			};
			buildConfigurationList = 5E84417C20809C8500C018CA /* Build configuration list for PBXProject "WingsStats" */;
			compatibilityVersion = "Xcode 9.3";
			developmentRegion = en;
			hasScannedForEncodings = 0;
			knownRegions = (
				en,
				Base,
			);
			mainGroup = 5E84417820809C8500C018CA;
			productRefGroup = 5E84418220809C8500C018CA /* Products */;
			projectDirPath = "";
			projectRoot = "";
			targets = (
				5E84418020809C8500C018CA /* WingsStats */,
			);
		};
/* End PBXProject section */

/* Begin PBXResourcesBuildPhase section */
		5E84417F20809C8500C018CA /* Resources */ = {
			isa = PBXResourcesBuildPhase;
			buildActionMask = 2147483647;
			files = (
				5E84418F20809C8A00C018CA /* LaunchScreen.storyboard in Resources */,
				5E84418C20809C8A00C018CA /* Assets.xcassets in Resources */,
				5E84418A20809C8500C018CA /* Main.storyboard in Resources */,
			);
			runOnlyForDeploymentPostprocessing = 0;
		};
/* End PBXResourcesBuildPhase section */

/* Begin PBXSourcesBuildPhase section */
		5E84417D20809C8500C018CA /* Sources */ = {
			isa = PBXSourcesBuildPhase;
			buildActionMask = 2147483647;
			files = (
				5E6465AB2080D4A40034CFEA /* StartViewController.swift in Sources */,
				5E6465B32080F1FC0034CFEA /* Game.swift in Sources */,
				5E6465A72080D0830034CFEA /* GameViewController.swift in Sources */,
				5E6465A92080D0A80034CFEA /* TopListTableViewController.swift in Sources */,
				5E6465AF2080F0BB0034CFEA /* Player.swift in Sources */,
				5E84418520809C8500C018CA /* AppDelegate.swift in Sources */,
			);
			runOnlyForDeploymentPostprocessing = 0;
		};
/* End PBXSourcesBuildPhase section */

/* Begin PBXVariantGroup section */
		5E84418820809C8500C018CA /* Main.storyboard */ = {
			isa = PBXVariantGroup;
			children = (
				5E84418920809C8500C018CA /* Base */,
			);
			name = Main.storyboard;
			sourceTree = "<group>";
		};
		5E84418D20809C8A00C018CA /* LaunchScreen.storyboard */ = {
			isa = PBXVariantGroup;
			children = (
				5E84418E20809C8A00C018CA /* Base */,
			);
			name = LaunchScreen.storyboard;
			sourceTree = "<group>";
		};
/* End PBXVariantGroup section */

/* Begin XCBuildConfiguration section */
		5E84419120809C8A00C018CA /* Debug */ = {
			isa = XCBuildConfiguration;
			buildSettings = {
				ALWAYS_SEARCH_USER_PATHS = NO;
				CLANG_ANALYZER_NONNULL = YES;
				CLANG_ANALYZER_NUMBER_OBJECT_CONVERSION = YES_AGGRESSIVE;
				CLANG_CXX_LANGUAGE_STANDARD = "gnu++14";
				CLANG_CXX_LIBRARY = "libc++";
				CLANG_ENABLE_MODULES = YES;
				CLANG_ENABLE_OBJC_ARC = YES;
				CLANG_ENABLE_OBJC_WEAK = YES;
				CLANG_WARN_BLOCK_CAPTURE_AUTORELEASING = YES;
				CLANG_WARN_BOOL_CONVERSION = YES;
				CLANG_WARN_COMMA = YES;
				CLANG_WARN_CONSTANT_CONVERSION = YES;
				CLANG_WARN_DEPRECATED_OBJC_IMPLEMENTATIONS = YES;
				CLANG_WARN_DIRECT_OBJC_ISA_USAGE = YES_ERROR;
				CLANG_WARN_DOCUMENTATION_COMMENTS = YES;
				CLANG_WARN_EMPTY_BODY = YES;
				CLANG_WARN_ENUM_CONVERSION = YES;
				CLANG_WARN_INFINITE_RECURSION = YES;
				CLANG_WARN_INT_CONVERSION = YES;
				CLANG_WARN_NON_LITERAL_NULL_CONVERSION = YES;
				CLANG_WARN_OBJC_IMPLICIT_RETAIN_SELF = YES;
				CLANG_WARN_OBJC_LITERAL_CONVERSION = YES;
				CLANG_WARN_OBJC_ROOT_CLASS = YES_ERROR;
				CLANG_WARN_RANGE_LOOP_ANALYSIS = YES;
				CLANG_WARN_STRICT_PROTOTYPES = YES;
				CLANG_WARN_SUSPICIOUS_MOVE = YES;
				CLANG_WARN_UNGUARDED_AVAILABILITY = YES_AGGRESSIVE;
				CLANG_WARN_UNREACHABLE_CODE = YES;
				CLANG_WARN__DUPLICATE_METHOD_MATCH = YES;
				CODE_SIGN_IDENTITY = "iPhone Developer";
				COPY_PHASE_STRIP = NO;
				DEBUG_INFORMATION_FORMAT = dwarf;
				ENABLE_STRICT_OBJC_MSGSEND = YES;
				ENABLE_TESTABILITY = YES;
				GCC_C_LANGUAGE_STANDARD = gnu11;
				GCC_DYNAMIC_NO_PIC = NO;
				GCC_NO_COMMON_BLOCKS = YES;
				GCC_OPTIMIZATION_LEVEL = 0;
				GCC_PREPROCESSOR_DEFINITIONS = (
					"DEBUG=1",
					"$(inherited)",
				);
				GCC_WARN_64_TO_32_BIT_CONVERSION = YES;
				GCC_WARN_ABOUT_RETURN_TYPE = YES_ERROR;
				GCC_WARN_UNDECLARED_SELECTOR = YES;
				GCC_WARN_UNINITIALIZED_AUTOS = YES_AGGRESSIVE;
				GCC_WARN_UNUSED_FUNCTION = YES;
				GCC_WARN_UNUSED_VARIABLE = YES;
				IPHONEOS_DEPLOYMENT_TARGET = 11.3;
				MTL_ENABLE_DEBUG_INFO = YES;
				ONLY_ACTIVE_ARCH = YES;
				SDKROOT = iphoneos;
				SWIFT_ACTIVE_COMPILATION_CONDITIONS = DEBUG;
				SWIFT_OPTIMIZATION_LEVEL = "-Onone";
			};
			name = Debug;
		};
		5E84419220809C8A00C018CA /* Release */ = {
			isa = XCBuildConfiguration;
			buildSettings = {
				ALWAYS_SEARCH_USER_PATHS = NO;
				CLANG_ANALYZER_NONNULL = YES;
				CLANG_ANALYZER_NUMBER_OBJECT_CONVERSION = YES_AGGRESSIVE;
				CLANG_CXX_LANGUAGE_STANDARD = "gnu++14";
				CLANG_CXX_LIBRARY = "libc++";
				CLANG_ENABLE_MODULES = YES;
				CLANG_ENABLE_OBJC_ARC = YES;
				CLANG_ENABLE_OBJC_WEAK = YES;
				CLANG_WARN_BLOCK_CAPTURE_AUTORELEASING = YES;
				CLANG_WARN_BOOL_CONVERSION = YES;
				CLANG_WARN_COMMA = YES;
				CLANG_WARN_CONSTANT_CONVERSION = YES;
				CLANG_WARN_DEPRECATED_OBJC_IMPLEMENTATIONS = YES;
				CLANG_WARN_DIRECT_OBJC_ISA_USAGE = YES_ERROR;
				CLANG_WARN_DOCUMENTATION_COMMENTS = YES;
				CLANG_WARN_EMPTY_BODY = YES;
				CLANG_WARN_ENUM_CONVERSION = YES;
				CLANG_WARN_INFINITE_RECURSION = YES;
				CLANG_WARN_INT_CONVERSION = YES;
				CLANG_WARN_NON_LITERAL_NULL_CONVERSION = YES;
				CLANG_WARN_OBJC_IMPLICIT_RETAIN_SELF = YES;
				CLANG_WARN_OBJC_LITERAL_CONVERSION = YES;
				CLANG_WARN_OBJC_ROOT_CLASS = YES_ERROR;
				CLANG_WARN_RANGE_LOOP_ANALYSIS = YES;
				CLANG_WARN_STRICT_PROTOTYPES = YES;
				CLANG_WARN_SUSPICIOUS_MOVE = YES;
				CLANG_WARN_UNGUARDED_AVAILABILITY = YES_AGGRESSIVE;
				CLANG_WARN_UNREACHABLE_CODE = YES;
				CLANG_WARN__DUPLICATE_METHOD_MATCH = YES;
				CODE_SIGN_IDENTITY = "iPhone Developer";
				COPY_PHASE_STRIP = NO;
				DEBUG_INFORMATION_FORMAT = "dwarf-with-dsym";
				ENABLE_NS_ASSERTIONS = NO;
				ENABLE_STRICT_OBJC_MSGSEND = YES;
				GCC_C_LANGUAGE_STANDARD = gnu11;
				GCC_NO_COMMON_BLOCKS = YES;
				GCC_WARN_64_TO_32_BIT_CONVERSION = YES;
				GCC_WARN_ABOUT_RETURN_TYPE = YES_ERROR;
				GCC_WARN_UNDECLARED_SELECTOR = YES;
				GCC_WARN_UNINITIALIZED_AUTOS = YES_AGGRESSIVE;
				GCC_WARN_UNUSED_FUNCTION = YES;
				GCC_WARN_UNUSED_VARIABLE = YES;
				IPHONEOS_DEPLOYMENT_TARGET = 11.3;
				MTL_ENABLE_DEBUG_INFO = NO;
				SDKROOT = iphoneos;
				SWIFT_COMPILATION_MODE = wholemodule;
				SWIFT_OPTIMIZATION_LEVEL = "-O";
				VALIDATE_PRODUCT = YES;
			};
			name = Release;
		};
		5E84419420809C8A00C018CA /* Debug */ = {
			isa = XCBuildConfiguration;
			buildSettings = {
				ASSETCATALOG_COMPILER_APPICON_NAME = AppIcon;
				CODE_SIGN_STYLE = Automatic;
				DEVELOPMENT_TEAM = UR9ZS9V974;
				INFOPLIST_FILE = WingsStats/Info.plist;
				LD_RUNPATH_SEARCH_PATHS = (
					"$(inherited)",
					"@executable_path/Frameworks",
				);
				PRODUCT_BUNDLE_IDENTIFIER = VF.WingsStats;
				PRODUCT_NAME = "$(TARGET_NAME)";
				SWIFT_VERSION = 4.0;
				TARGETED_DEVICE_FAMILY = "1,2";
			};
			name = Debug;
		};
		5E84419520809C8A00C018CA /* Release */ = {
			isa = XCBuildConfiguration;
			buildSettings = {
				ASSETCATALOG_COMPILER_APPICON_NAME = AppIcon;
				CODE_SIGN_STYLE = Automatic;
				DEVELOPMENT_TEAM = UR9ZS9V974;
				INFOPLIST_FILE = WingsStats/Info.plist;
				LD_RUNPATH_SEARCH_PATHS = (
					"$(inherited)",
					"@executable_path/Frameworks",
				);
				PRODUCT_BUNDLE_IDENTIFIER = VF.WingsStats;
				PRODUCT_NAME = "$(TARGET_NAME)";
				SWIFT_VERSION = 4.0;
				TARGETED_DEVICE_FAMILY = "1,2";
			};
			name = Release;
		};
/* End XCBuildConfiguration section */

/* Begin XCConfigurationList section */
		5E84417C20809C8500C018CA /* Build configuration list for PBXProject "WingsStats" */ = {
			isa = XCConfigurationList;
			buildConfigurations = (
				5E84419120809C8A00C018CA /* Debug */,
				5E84419220809C8A00C018CA /* Release */,
			);
			defaultConfigurationIsVisible = 0;
			defaultConfigurationName = Release;
		};
		5E84419320809C8A00C018CA /* Build configuration list for PBXNativeTarget "WingsStats" */ = {
			isa = XCConfigurationList;
			buildConfigurations = (
				5E84419420809C8A00C018CA /* Debug */,
				5E84419520809C8A00C018CA /* Release */,
			);
			defaultConfigurationIsVisible = 0;
			defaultConfigurationName = Release;
		};
/* End XCConfigurationList section */
	};
	rootObject = 5E84417920809C8500C018CA /* Project object */;
}
